// !$*UTF8*$!
{
	archiveVersion = 1;
	classes = {
	};
	objectVersion = 51;
	objects = {

/* Begin PBXBuildFile section */
		5B5ACF1FE5DD4947C195AD4A /* Pods_PROYECTO_RESTAURANTE.framework in Frameworks */ = {isa = PBXBuildFile; fileRef = C341D12022DA649AEF92C9B7 /* Pods_PROYECTO_RESTAURANTE.framework */; };
		723C830B2A350F1B006951CC /* AppDelegate.swift in Sources */ = {isa = PBXBuildFile; fileRef = 723C830A2A350F1B006951CC /* AppDelegate.swift */; };
		723C830D2A350F1B006951CC /* SceneDelegate.swift in Sources */ = {isa = PBXBuildFile; fileRef = 723C830C2A350F1B006951CC /* SceneDelegate.swift */; };
		723C830F2A350F1B006951CC /* ViewController.swift in Sources */ = {isa = PBXBuildFile; fileRef = 723C830E2A350F1B006951CC /* ViewController.swift */; };
		723C83122A350F1B006951CC /* Main.storyboard in Resources */ = {isa = PBXBuildFile; fileRef = 723C83102A350F1B006951CC /* Main.storyboard */; };
		723C83152A350F1B006951CC /* PROYECTO_RESTAURANTE.xcdatamodeld in Sources */ = {isa = PBXBuildFile; fileRef = 723C83132A350F1B006951CC /* PROYECTO_RESTAURANTE.xcdatamodeld */; };
		723C83172A350F21006951CC /* Assets.xcassets in Resources */ = {isa = PBXBuildFile; fileRef = 723C83162A350F21006951CC /* Assets.xcassets */; };
		723C831A2A350F21006951CC /* LaunchScreen.storyboard in Resources */ = {isa = PBXBuildFile; fileRef = 723C83182A350F21006951CC /* LaunchScreen.storyboard */; };
		723C83222A352CBF006951CC /* LoginViewController.swift in Sources */ = {isa = PBXBuildFile; fileRef = 723C83212A352CBF006951CC /* LoginViewController.swift */; };
		723C83242A35363A006951CC /* LoginFormViewController.swift in Sources */ = {isa = PBXBuildFile; fileRef = 723C83232A35363A006951CC /* LoginFormViewController.swift */; };
		AC11698E2A47BCAD000AE579 /* CartaViewController.swift in Sources */ = {isa = PBXBuildFile; fileRef = AC11698D2A47BCAB000AE579 /* CartaViewController.swift */; };
		AC1169902A47BCFF000AE579 /* ComandasViewController.swift in Sources */ = {isa = PBXBuildFile; fileRef = AC11698F2A47BCFF000AE579 /* ComandasViewController.swift */; };
		AC86AEBF2A3CE8FA0032279A /* GoogleService-Info.plist in Resources */ = {isa = PBXBuildFile; fileRef = AC86AEBE2A3CE8F90032279A /* GoogleService-Info.plist */; };
		ACA655982A43BE5B00FA60A5 /* MapaViewController.swift in Sources */ = {isa = PBXBuildFile; fileRef = ACA655972A43BE5B00FA60A5 /* MapaViewController.swift */; };
		ACCF8CEF2A3ED077004193ED /* AgregarPlatoViewController.swift in Sources */ = {isa = PBXBuildFile; fileRef = ACCF8CEE2A3ED073004193ED /* AgregarPlatoViewController.swift */; };
		D46CC37D2A358A69002B75F8 /* PrincipalViewController.swift in Sources */ = {isa = PBXBuildFile; fileRef = D46CC37C2A358A69002B75F8 /* PrincipalViewController.swift */; };
		D46CC37F2A358FA6002B75F8 /* MenuTabBarController.swift in Sources */ = {isa = PBXBuildFile; fileRef = D46CC37E2A358FA6002B75F8 /* MenuTabBarController.swift */; };
		D46CC3812A359C56002B75F8 /* PlatosViewController.swift in Sources */ = {isa = PBXBuildFile; fileRef = D46CC3802A359C56002B75F8 /* PlatosViewController.swift */; };
		D46CC3832A359CAC002B75F8 /* PlatosCollectionViewCell.swift in Sources */ = {isa = PBXBuildFile; fileRef = D46CC3822A359CAC002B75F8 /* PlatosCollectionViewCell.swift */; };
/* End PBXBuildFile section */

/* Begin PBXFileReference section */
		36D5E44DFFAC08A9753163B4 /* Pods-PROYECTO RESTAURANTE.debug.xcconfig */ = {isa = PBXFileReference; includeInIndex = 1; lastKnownFileType = text.xcconfig; name = "Pods-PROYECTO RESTAURANTE.debug.xcconfig"; path = "Target Support Files/Pods-PROYECTO RESTAURANTE/Pods-PROYECTO RESTAURANTE.debug.xcconfig"; sourceTree = "<group>"; };
		723C83072A350F1B006951CC /* PROYECTO RESTAURANTE.app */ = {isa = PBXFileReference; explicitFileType = wrapper.application; includeInIndex = 0; path = "PROYECTO RESTAURANTE.app"; sourceTree = BUILT_PRODUCTS_DIR; };
		723C830A2A350F1B006951CC /* AppDelegate.swift */ = {isa = PBXFileReference; lastKnownFileType = sourcecode.swift; path = AppDelegate.swift; sourceTree = "<group>"; };
		723C830C2A350F1B006951CC /* SceneDelegate.swift */ = {isa = PBXFileReference; lastKnownFileType = sourcecode.swift; path = SceneDelegate.swift; sourceTree = "<group>"; };
		723C830E2A350F1B006951CC /* ViewController.swift */ = {isa = PBXFileReference; lastKnownFileType = sourcecode.swift; path = ViewController.swift; sourceTree = "<group>"; };
		723C83112A350F1B006951CC /* Base */ = {isa = PBXFileReference; lastKnownFileType = file.storyboard; name = Base; path = Base.lproj/Main.storyboard; sourceTree = "<group>"; };
		723C83142A350F1B006951CC /* PROYECTO_RESTAURANTE.xcdatamodel */ = {isa = PBXFileReference; lastKnownFileType = wrapper.xcdatamodel; path = PROYECTO_RESTAURANTE.xcdatamodel; sourceTree = "<group>"; };
		723C83162A350F21006951CC /* Assets.xcassets */ = {isa = PBXFileReference; lastKnownFileType = folder.assetcatalog; path = Assets.xcassets; sourceTree = "<group>"; };
		723C83192A350F21006951CC /* Base */ = {isa = PBXFileReference; lastKnownFileType = file.storyboard; name = Base; path = Base.lproj/LaunchScreen.storyboard; sourceTree = "<group>"; };
		723C831B2A350F21006951CC /* Info.plist */ = {isa = PBXFileReference; lastKnownFileType = text.plist.xml; path = Info.plist; sourceTree = "<group>"; };
		723C83212A352CBF006951CC /* LoginViewController.swift */ = {isa = PBXFileReference; lastKnownFileType = sourcecode.swift; path = LoginViewController.swift; sourceTree = "<group>"; };
		723C83232A35363A006951CC /* LoginFormViewController.swift */ = {isa = PBXFileReference; lastKnownFileType = sourcecode.swift; path = LoginFormViewController.swift; sourceTree = "<group>"; };
		AC11698D2A47BCAB000AE579 /* CartaViewController.swift */ = {isa = PBXFileReference; lastKnownFileType = sourcecode.swift; path = CartaViewController.swift; sourceTree = "<group>"; };
		AC11698F2A47BCFF000AE579 /* ComandasViewController.swift */ = {isa = PBXFileReference; lastKnownFileType = sourcecode.swift; path = ComandasViewController.swift; sourceTree = "<group>"; };
		AC86AEBE2A3CE8F90032279A /* GoogleService-Info.plist */ = {isa = PBXFileReference; fileEncoding = 4; lastKnownFileType = text.plist.xml; path = "GoogleService-Info.plist"; sourceTree = "<group>"; };
		ACA655972A43BE5B00FA60A5 /* MapaViewController.swift */ = {isa = PBXFileReference; lastKnownFileType = sourcecode.swift; path = MapaViewController.swift; sourceTree = "<group>"; };
		ACCF8CEE2A3ED073004193ED /* AgregarPlatoViewController.swift */ = {isa = PBXFileReference; lastKnownFileType = sourcecode.swift; path = AgregarPlatoViewController.swift; sourceTree = "<group>"; };
		C341D12022DA649AEF92C9B7 /* Pods_PROYECTO_RESTAURANTE.framework */ = {isa = PBXFileReference; explicitFileType = wrapper.framework; includeInIndex = 0; path = Pods_PROYECTO_RESTAURANTE.framework; sourceTree = BUILT_PRODUCTS_DIR; };
		D46CC37C2A358A69002B75F8 /* PrincipalViewController.swift */ = {isa = PBXFileReference; lastKnownFileType = sourcecode.swift; path = PrincipalViewController.swift; sourceTree = "<group>"; };
		D46CC37E2A358FA6002B75F8 /* MenuTabBarController.swift */ = {isa = PBXFileReference; lastKnownFileType = sourcecode.swift; path = MenuTabBarController.swift; sourceTree = "<group>"; };
		D46CC3802A359C56002B75F8 /* PlatosViewController.swift */ = {isa = PBXFileReference; lastKnownFileType = sourcecode.swift; path = PlatosViewController.swift; sourceTree = "<group>"; };
		D46CC3822A359CAC002B75F8 /* PlatosCollectionViewCell.swift */ = {isa = PBXFileReference; lastKnownFileType = sourcecode.swift; path = PlatosCollectionViewCell.swift; sourceTree = "<group>"; };
		EC0D1C85DC10E8BB7BC1A23F /* Pods-PROYECTO RESTAURANTE.release.xcconfig */ = {isa = PBXFileReference; includeInIndex = 1; lastKnownFileType = text.xcconfig; name = "Pods-PROYECTO RESTAURANTE.release.xcconfig"; path = "Target Support Files/Pods-PROYECTO RESTAURANTE/Pods-PROYECTO RESTAURANTE.release.xcconfig"; sourceTree = "<group>"; };
/* End PBXFileReference section */

/* Begin PBXFrameworksBuildPhase section */
		723C83042A350F1B006951CC /* Frameworks */ = {
			isa = PBXFrameworksBuildPhase;
			buildActionMask = 2147483647;
			files = (
				5B5ACF1FE5DD4947C195AD4A /* Pods_PROYECTO_RESTAURANTE.framework in Frameworks */,
			);
			runOnlyForDeploymentPostprocessing = 0;
		};
/* End PBXFrameworksBuildPhase section */

/* Begin PBXGroup section */
		723C82FE2A350F1B006951CC = {
			isa = PBXGroup;
			children = (
				723C83092A350F1B006951CC /* PROYECTO RESTAURANTE */,
				723C83082A350F1B006951CC /* Products */,
				74648246D06E76B1FE89B1EF /* Pods */,
				E94C79A4E5DA87191ABF5188 /* Frameworks */,
			);
			sourceTree = "<group>";
		};
		723C83082A350F1B006951CC /* Products */ = {
			isa = PBXGroup;
			children = (
				723C83072A350F1B006951CC /* PROYECTO RESTAURANTE.app */,
			);
			name = Products;
			sourceTree = "<group>";
		};
		723C83092A350F1B006951CC /* PROYECTO RESTAURANTE */ = {
			isa = PBXGroup;
			children = (
				723C830A2A350F1B006951CC /* AppDelegate.swift */,
				723C830C2A350F1B006951CC /* SceneDelegate.swift */,
				723C830E2A350F1B006951CC /* ViewController.swift */,
				723C83102A350F1B006951CC /* Main.storyboard */,
				723C83162A350F21006951CC /* Assets.xcassets */,
				723C83182A350F21006951CC /* LaunchScreen.storyboard */,
				723C831B2A350F21006951CC /* Info.plist */,
				723C83132A350F1B006951CC /* PROYECTO_RESTAURANTE.xcdatamodeld */,
				723C83212A352CBF006951CC /* LoginViewController.swift */,
				723C83232A35363A006951CC /* LoginFormViewController.swift */,
				D46CC37C2A358A69002B75F8 /* PrincipalViewController.swift */,
				D46CC37E2A358FA6002B75F8 /* MenuTabBarController.swift */,
				D46CC3802A359C56002B75F8 /* PlatosViewController.swift */,
				D46CC3822A359CAC002B75F8 /* PlatosCollectionViewCell.swift */,
				AC86AEBE2A3CE8F90032279A /* GoogleService-Info.plist */,
				ACCF8CEE2A3ED073004193ED /* AgregarPlatoViewController.swift */,
				ACA655972A43BE5B00FA60A5 /* MapaViewController.swift */,
				AC11698D2A47BCAB000AE579 /* CartaViewController.swift */,
				AC11698F2A47BCFF000AE579 /* ComandasViewController.swift */,
			);
			path = "PROYECTO RESTAURANTE";
			sourceTree = "<group>";
		};
		74648246D06E76B1FE89B1EF /* Pods */ = {
			isa = PBXGroup;
			children = (
				36D5E44DFFAC08A9753163B4 /* Pods-PROYECTO RESTAURANTE.debug.xcconfig */,
				EC0D1C85DC10E8BB7BC1A23F /* Pods-PROYECTO RESTAURANTE.release.xcconfig */,
			);
			path = Pods;
			sourceTree = "<group>";
		};
		E94C79A4E5DA87191ABF5188 /* Frameworks */ = {
			isa = PBXGroup;
			children = (
				C341D12022DA649AEF92C9B7 /* Pods_PROYECTO_RESTAURANTE.framework */,
			);
			name = Frameworks;
			sourceTree = "<group>";
		};
/* End PBXGroup section */

/* Begin PBXNativeTarget section */
		723C83062A350F1B006951CC /* PROYECTO RESTAURANTE */ = {
			isa = PBXNativeTarget;
			buildConfigurationList = 723C831E2A350F21006951CC /* Build configuration list for PBXNativeTarget "PROYECTO RESTAURANTE" */;
			buildPhases = (
				BD708EA57856F84FD713B0C2 /* [CP] Check Pods Manifest.lock */,
				723C83032A350F1B006951CC /* Sources */,
				723C83042A350F1B006951CC /* Frameworks */,
				723C83052A350F1B006951CC /* Resources */,
				6DA633C536A16FA76FC699FD /* [CP] Embed Pods Frameworks */,
			);
			buildRules = (
			);
			dependencies = (
			);
			name = "PROYECTO RESTAURANTE";
			productName = "PROYECTO RESTAURANTE";
			productReference = 723C83072A350F1B006951CC /* PROYECTO RESTAURANTE.app */;
			productType = "com.apple.product-type.application";
		};
/* End PBXNativeTarget section */

/* Begin PBXProject section */
		723C82FF2A350F1B006951CC /* Project object */ = {
			isa = PBXProject;
			attributes = {
				LastSwiftUpdateCheck = 1130;
				LastUpgradeCheck = 1130;
				ORGANIZATIONNAME = CibertecTeam;
				TargetAttributes = {
					723C83062A350F1B006951CC = {
						CreatedOnToolsVersion = 11.3.1;
					};
				};
			};
			buildConfigurationList = 723C83022A350F1B006951CC /* Build configuration list for PBXProject "PROYECTO RESTAURANTE" */;
			compatibilityVersion = "Xcode 9.3";
			developmentRegion = en;
			hasScannedForEncodings = 0;
			knownRegions = (
				en,
				Base,
			);
			mainGroup = 723C82FE2A350F1B006951CC;
			productRefGroup = 723C83082A350F1B006951CC /* Products */;
			projectDirPath = "";
			projectRoot = "";
			targets = (
				723C83062A350F1B006951CC /* PROYECTO RESTAURANTE */,
			);
		};
/* End PBXProject section */

/* Begin PBXResourcesBuildPhase section */
		723C83052A350F1B006951CC /* Resources */ = {
			isa = PBXResourcesBuildPhase;
			buildActionMask = 2147483647;
			files = (
				723C831A2A350F21006951CC /* LaunchScreen.storyboard in Resources */,
				AC86AEBF2A3CE8FA0032279A /* GoogleService-Info.plist in Resources */,
				723C83172A350F21006951CC /* Assets.xcassets in Resources */,
				723C83122A350F1B006951CC /* Main.storyboard in Resources */,
			);
			runOnlyForDeploymentPostprocessing = 0;
		};
/* End PBXResourcesBuildPhase section */

/* Begin PBXShellScriptBuildPhase section */
		6DA633C536A16FA76FC699FD /* [CP] Embed Pods Frameworks */ = {
			isa = PBXShellScriptBuildPhase;
			buildActionMask = 2147483647;
			files = (
			);
			inputFileListPaths = (
				"${PODS_ROOT}/Target Support Files/Pods-PROYECTO RESTAURANTE/Pods-PROYECTO RESTAURANTE-frameworks-${CONFIGURATION}-input-files.xcfilelist",
			);
			name = "[CP] Embed Pods Frameworks";
			outputFileListPaths = (
				"${PODS_ROOT}/Target Support Files/Pods-PROYECTO RESTAURANTE/Pods-PROYECTO RESTAURANTE-frameworks-${CONFIGURATION}-output-files.xcfilelist",
			);
			runOnlyForDeploymentPostprocessing = 0;
			shellPath = /bin/sh;
			shellScript = "\"${PODS_ROOT}/Target Support Files/Pods-PROYECTO RESTAURANTE/Pods-PROYECTO RESTAURANTE-frameworks.sh\"\n";
			showEnvVarsInLog = 0;
		};
		BD708EA57856F84FD713B0C2 /* [CP] Check Pods Manifest.lock */ = {
			isa = PBXShellScriptBuildPhase;
			buildActionMask = 2147483647;
			files = (
			);
			inputFileListPaths = (
			);
			inputPaths = (
				"${PODS_PODFILE_DIR_PATH}/Podfile.lock",
				"${PODS_ROOT}/Manifest.lock",
			);
			name = "[CP] Check Pods Manifest.lock";
			outputFileListPaths = (
			);
			outputPaths = (
				"$(DERIVED_FILE_DIR)/Pods-PROYECTO RESTAURANTE-checkManifestLockResult.txt",
			);
			runOnlyForDeploymentPostprocessing = 0;
			shellPath = /bin/sh;
			shellScript = "diff \"${PODS_PODFILE_DIR_PATH}/Podfile.lock\" \"${PODS_ROOT}/Manifest.lock\" > /dev/null\nif [ $? != 0 ] ; then\n    # print error to STDERR\n    echo \"error: The sandbox is not in sync with the Podfile.lock. Run 'pod install' or update your CocoaPods installation.\" >&2\n    exit 1\nfi\n# This output is used by Xcode 'outputs' to avoid re-running this script phase.\necho \"SUCCESS\" > \"${SCRIPT_OUTPUT_FILE_0}\"\n";
			showEnvVarsInLog = 0;
		};
/* End PBXShellScriptBuildPhase section */

/* Begin PBXSourcesBuildPhase section */
		723C83032A350F1B006951CC /* Sources */ = {
			isa = PBXSourcesBuildPhase;
			buildActionMask = 2147483647;
			files = (
				AC1169902A47BCFF000AE579 /* ComandasViewController.swift in Sources */,
				723C83242A35363A006951CC /* LoginFormViewController.swift in Sources */,
				AC11698E2A47BCAD000AE579 /* CartaViewController.swift in Sources */,
				ACA655982A43BE5B00FA60A5 /* MapaViewController.swift in Sources */,
				723C830F2A350F1B006951CC /* ViewController.swift in Sources */,
				D46CC37F2A358FA6002B75F8 /* MenuTabBarController.swift in Sources */,
				723C83152A350F1B006951CC /* PROYECTO_RESTAURANTE.xcdatamodeld in Sources */,
				723C830B2A350F1B006951CC /* AppDelegate.swift in Sources */,
				723C83222A352CBF006951CC /* LoginViewController.swift in Sources */,
				D46CC37D2A358A69002B75F8 /* PrincipalViewController.swift in Sources */,
				D46CC3832A359CAC002B75F8 /* PlatosCollectionViewCell.swift in Sources */,
				723C830D2A350F1B006951CC /* SceneDelegate.swift in Sources */,
				D46CC3812A359C56002B75F8 /* PlatosViewController.swift in Sources */,
				ACCF8CEF2A3ED077004193ED /* AgregarPlatoViewController.swift in Sources */,
			);
			runOnlyForDeploymentPostprocessing = 0;
		};
/* End PBXSourcesBuildPhase section */

/* Begin PBXVariantGroup section */
		723C83102A350F1B006951CC /* Main.storyboard */ = {
			isa = PBXVariantGroup;
			children = (
				723C83112A350F1B006951CC /* Base */,
			);
			name = Main.storyboard;
			sourceTree = "<group>";
		};
		723C83182A350F21006951CC /* LaunchScreen.storyboard */ = {
			isa = PBXVariantGroup;
			children = (
				723C83192A350F21006951CC /* Base */,
			);
			name = LaunchScreen.storyboard;
			sourceTree = "<group>";
		};
/* End PBXVariantGroup section */

/* Begin XCBuildConfiguration section */
		723C831C2A350F21006951CC /* Debug */ = {
			isa = XCBuildConfiguration;
			buildSettings = {
				ALWAYS_SEARCH_USER_PATHS = NO;
				CLANG_ANALYZER_NONNULL = YES;
				CLANG_ANALYZER_NUMBER_OBJECT_CONVERSION = YES_AGGRESSIVE;
				CLANG_CXX_LANGUAGE_STANDARD = "gnu++14";
				CLANG_CXX_LIBRARY = "libc++";
				CLANG_ENABLE_MODULES = YES;
				CLANG_ENABLE_OBJC_ARC = YES;
				CLANG_ENABLE_OBJC_WEAK = YES;
				CLANG_WARN_BLOCK_CAPTURE_AUTORELEASING = YES;
				CLANG_WARN_BOOL_CONVERSION = YES;
				CLANG_WARN_COMMA = YES;
				CLANG_WARN_CONSTANT_CONVERSION = YES;
				CLANG_WARN_DEPRECATED_OBJC_IMPLEMENTATIONS = YES;
				CLANG_WARN_DIRECT_OBJC_ISA_USAGE = YES_ERROR;
				CLANG_WARN_DOCUMENTATION_COMMENTS = YES;
				CLANG_WARN_EMPTY_BODY = YES;
				CLANG_WARN_ENUM_CONVERSION = YES;
				CLANG_WARN_INFINITE_RECURSION = YES;
				CLANG_WARN_INT_CONVERSION = YES;
				CLANG_WARN_NON_LITERAL_NULL_CONVERSION = YES;
				CLANG_WARN_OBJC_IMPLICIT_RETAIN_SELF = YES;
				CLANG_WARN_OBJC_LITERAL_CONVERSION = YES;
				CLANG_WARN_OBJC_ROOT_CLASS = YES_ERROR;
				CLANG_WARN_RANGE_LOOP_ANALYSIS = YES;
				CLANG_WARN_STRICT_PROTOTYPES = YES;
				CLANG_WARN_SUSPICIOUS_MOVE = YES;
				CLANG_WARN_UNGUARDED_AVAILABILITY = YES_AGGRESSIVE;
				CLANG_WARN_UNREACHABLE_CODE = YES;
				CLANG_WARN__DUPLICATE_METHOD_MATCH = YES;
				COPY_PHASE_STRIP = NO;
				DEBUG_INFORMATION_FORMAT = dwarf;
				ENABLE_STRICT_OBJC_MSGSEND = YES;
				ENABLE_TESTABILITY = YES;
				GCC_C_LANGUAGE_STANDARD = gnu11;
				GCC_DYNAMIC_NO_PIC = NO;
				GCC_NO_COMMON_BLOCKS = YES;
				GCC_OPTIMIZATION_LEVEL = 0;
				GCC_PREPROCESSOR_DEFINITIONS = (
					"DEBUG=1",
					"$(inherited)",
				);
				GCC_WARN_64_TO_32_BIT_CONVERSION = YES;
				GCC_WARN_ABOUT_RETURN_TYPE = YES_ERROR;
				GCC_WARN_UNDECLARED_SELECTOR = YES;
				GCC_WARN_UNINITIALIZED_AUTOS = YES_AGGRESSIVE;
				GCC_WARN_UNUSED_FUNCTION = YES;
				GCC_WARN_UNUSED_VARIABLE = YES;
				IPHONEOS_DEPLOYMENT_TARGET = 13.2;
				MTL_ENABLE_DEBUG_INFO = INCLUDE_SOURCE;
				MTL_FAST_MATH = YES;
				ONLY_ACTIVE_ARCH = YES;
				SDKROOT = iphoneos;
				SWIFT_ACTIVE_COMPILATION_CONDITIONS = DEBUG;
				SWIFT_OPTIMIZATION_LEVEL = "-Onone";
			};
			name = Debug;
		};
		723C831D2A350F21006951CC /* Release */ = {
			isa = XCBuildConfiguration;
			buildSettings = {
				ALWAYS_SEARCH_USER_PATHS = NO;
				CLANG_ANALYZER_NONNULL = YES;
				CLANG_ANALYZER_NUMBER_OBJECT_CONVERSION = YES_AGGRESSIVE;
				CLANG_CXX_LANGUAGE_STANDARD = "gnu++14";
				CLANG_CXX_LIBRARY = "libc++";
				CLANG_ENABLE_MODULES = YES;
				CLANG_ENABLE_OBJC_ARC = YES;
				CLANG_ENABLE_OBJC_WEAK = YES;
				CLANG_WARN_BLOCK_CAPTURE_AUTORELEASING = YES;
				CLANG_WARN_BOOL_CONVERSION = YES;
				CLANG_WARN_COMMA = YES;
				CLANG_WARN_CONSTANT_CONVERSION = YES;
				CLANG_WARN_DEPRECATED_OBJC_IMPLEMENTATIONS = YES;
				CLANG_WARN_DIRECT_OBJC_ISA_USAGE = YES_ERROR;
				CLANG_WARN_DOCUMENTATION_COMMENTS = YES;
				CLANG_WARN_EMPTY_BODY = YES;
				CLANG_WARN_ENUM_CONVERSION = YES;
				CLANG_WARN_INFINITE_RECURSION = YES;
				CLANG_WARN_INT_CONVERSION = YES;
				CLANG_WARN_NON_LITERAL_NULL_CONVERSION = YES;
				CLANG_WARN_OBJC_IMPLICIT_RETAIN_SELF = YES;
				CLANG_WARN_OBJC_LITERAL_CONVERSION = YES;
				CLANG_WARN_OBJC_ROOT_CLASS = YES_ERROR;
				CLANG_WARN_RANGE_LOOP_ANALYSIS = YES;
				CLANG_WARN_STRICT_PROTOTYPES = YES;
				CLANG_WARN_SUSPICIOUS_MOVE = YES;
				CLANG_WARN_UNGUARDED_AVAILABILITY = YES_AGGRESSIVE;
				CLANG_WARN_UNREACHABLE_CODE = YES;
				CLANG_WARN__DUPLICATE_METHOD_MATCH = YES;
				COPY_PHASE_STRIP = NO;
				DEBUG_INFORMATION_FORMAT = "dwarf-with-dsym";
				ENABLE_NS_ASSERTIONS = NO;
				ENABLE_STRICT_OBJC_MSGSEND = YES;
				GCC_C_LANGUAGE_STANDARD = gnu11;
				GCC_NO_COMMON_BLOCKS = YES;
				GCC_WARN_64_TO_32_BIT_CONVERSION = YES;
				GCC_WARN_ABOUT_RETURN_TYPE = YES_ERROR;
				GCC_WARN_UNDECLARED_SELECTOR = YES;
				GCC_WARN_UNINITIALIZED_AUTOS = YES_AGGRESSIVE;
				GCC_WARN_UNUSED_FUNCTION = YES;
				GCC_WARN_UNUSED_VARIABLE = YES;
				IPHONEOS_DEPLOYMENT_TARGET = 13.2;
				MTL_ENABLE_DEBUG_INFO = NO;
				MTL_FAST_MATH = YES;
				SDKROOT = iphoneos;
				SWIFT_COMPILATION_MODE = wholemodule;
				SWIFT_OPTIMIZATION_LEVEL = "-O";
				VALIDATE_PRODUCT = YES;
			};
			name = Release;
		};
		723C831F2A350F21006951CC /* Debug */ = {
			isa = XCBuildConfiguration;
			baseConfigurationReference = 36D5E44DFFAC08A9753163B4 /* Pods-PROYECTO RESTAURANTE.debug.xcconfig */;
			buildSettings = {
				ASSETCATALOG_COMPILER_APPICON_NAME = AppIcon;
				CODE_SIGN_STYLE = Automatic;
				INFOPLIST_FILE = "PROYECTO RESTAURANTE/Info.plist";
				LD_RUNPATH_SEARCH_PATHS = (
					"$(inherited)",
					"@executable_path/Frameworks",
				);
				PRODUCT_BUNDLE_IDENTIFIER = com.proyecto.restaurante;
				PRODUCT_NAME = "$(TARGET_NAME)";
				SWIFT_VERSION = 5.0;
				TARGETED_DEVICE_FAMILY = "1,2";
			};
			name = Debug;
		};
		723C83202A350F21006951CC /* Release */ = {
			isa = XCBuildConfiguration;
			baseConfigurationReference = EC0D1C85DC10E8BB7BC1A23F /* Pods-PROYECTO RESTAURANTE.release.xcconfig */;
			buildSettings = {
				ASSETCATALOG_COMPILER_APPICON_NAME = AppIcon;
				CODE_SIGN_STYLE = Automatic;
				INFOPLIST_FILE = "PROYECTO RESTAURANTE/Info.plist";
				LD_RUNPATH_SEARCH_PATHS = (
					"$(inherited)",
					"@executable_path/Frameworks",
				);
				PRODUCT_BUNDLE_IDENTIFIER = com.proyecto.restaurante;
				PRODUCT_NAME = "$(TARGET_NAME)";
				SWIFT_VERSION = 5.0;
				TARGETED_DEVICE_FAMILY = "1,2";
			};
			name = Release;
		};
/* End XCBuildConfiguration section */

/* Begin XCConfigurationList section */
		723C83022A350F1B006951CC /* Build configuration list for PBXProject "PROYECTO RESTAURANTE" */ = {
			isa = XCConfigurationList;
			buildConfigurations = (
				723C831C2A350F21006951CC /* Debug */,
				723C831D2A350F21006951CC /* Release */,
			);
			defaultConfigurationIsVisible = 0;
			defaultConfigurationName = Release;
		};
		723C831E2A350F21006951CC /* Build configuration list for PBXNativeTarget "PROYECTO RESTAURANTE" */ = {
			isa = XCConfigurationList;
			buildConfigurations = (
				723C831F2A350F21006951CC /* Debug */,
				723C83202A350F21006951CC /* Release */,
			);
			defaultConfigurationIsVisible = 0;
			defaultConfigurationName = Release;
		};
/* End XCConfigurationList section */

/* Begin XCVersionGroup section */
		723C83132A350F1B006951CC /* PROYECTO_RESTAURANTE.xcdatamodeld */ = {
			isa = XCVersionGroup;
			children = (
				723C83142A350F1B006951CC /* PROYECTO_RESTAURANTE.xcdatamodel */,
			);
			currentVersion = 723C83142A350F1B006951CC /* PROYECTO_RESTAURANTE.xcdatamodel */;
			path = PROYECTO_RESTAURANTE.xcdatamodeld;
			sourceTree = "<group>";
			versionGroupType = wrapper.xcdatamodel;
		};
/* End XCVersionGroup section */
	};
	rootObject = 723C82FF2A350F1B006951CC /* Project object */;
}
